// !$*UTF8*$!
{
	archiveVersion = 1;
	classes = {
	};
	objectVersion = 50;
	objects = {

/* Begin PBXBuildFile section */
		5C984807211AD65F006FC45F /* AppDelegate.m in Sources */ = {isa = PBXBuildFile; fileRef = 5C984806211AD65F006FC45F /* AppDelegate.m */; };
		5C98480A211AD65F006FC45F /* ViewController.m in Sources */ = {isa = PBXBuildFile; fileRef = 5C984809211AD65F006FC45F /* ViewController.m */; };
		5C98480D211AD65F006FC45F /* Main.storyboard in Resources */ = {isa = PBXBuildFile; fileRef = 5C98480B211AD65F006FC45F /* Main.storyboard */; };
		5C98480F211AD660006FC45F /* Assets.xcassets in Resources */ = {isa = PBXBuildFile; fileRef = 5C98480E211AD660006FC45F /* Assets.xcassets */; };
		5C984812211AD660006FC45F /* LaunchScreen.storyboard in Resources */ = {isa = PBXBuildFile; fileRef = 5C984810211AD660006FC45F /* LaunchScreen.storyboard */; };
		5C984815211AD660006FC45F /* main.m in Sources */ = {isa = PBXBuildFile; fileRef = 5C984814211AD660006FC45F /* main.m */; };
		5C98481E211AD6DF006FC45F /* HostManager.m in Sources */ = {isa = PBXBuildFile; fileRef = 5C98481D211AD6DF006FC45F /* HostManager.m */; };
/* End PBXBuildFile section */

/* Begin PBXFileReference section */
		5C984802211AD65F006FC45F /* RCHostManager.app */ = {isa = PBXFileReference; explicitFileType = wrapper.application; includeInIndex = 0; path = RCHostManager.app; sourceTree = BUILT_PRODUCTS_DIR; };
		5C984805211AD65F006FC45F /* AppDelegate.h */ = {isa = PBXFileReference; lastKnownFileType = sourcecode.c.h; path = AppDelegate.h; sourceTree = "<group>"; };
		5C984806211AD65F006FC45F /* AppDelegate.m */ = {isa = PBXFileReference; lastKnownFileType = sourcecode.c.objc; path = AppDelegate.m; sourceTree = "<group>"; };
		5C984808211AD65F006FC45F /* ViewController.h */ = {isa = PBXFileReference; lastKnownFileType = sourcecode.c.h; path = ViewController.h; sourceTree = "<group>"; };
		5C984809211AD65F006FC45F /* ViewController.m */ = {isa = PBXFileReference; lastKnownFileType = sourcecode.c.objc; path = ViewController.m; sourceTree = "<group>"; };
		5C98480C211AD65F006FC45F /* Base */ = {isa = PBXFileReference; lastKnownFileType = file.storyboard; name = Base; path = Base.lproj/Main.storyboard; sourceTree = "<group>"; };
		5C98480E211AD660006FC45F /* Assets.xcassets */ = {isa = PBXFileReference; lastKnownFileType = folder.assetcatalog; path = Assets.xcassets; sourceTree = "<group>"; };
		5C984811211AD660006FC45F /* Base */ = {isa = PBXFileReference; lastKnownFileType = file.storyboard; name = Base; path = Base.lproj/LaunchScreen.storyboard; sourceTree = "<group>"; };
		5C984813211AD660006FC45F /* Info.plist */ = {isa = PBXFileReference; lastKnownFileType = text.plist.xml; path = Info.plist; sourceTree = "<group>"; };
		5C984814211AD660006FC45F /* main.m */ = {isa = PBXFileReference; lastKnownFileType = sourcecode.c.objc; path = main.m; sourceTree = "<group>"; };
		5C98481B211AD6DE006FC45F /* HostConfig.h */ = {isa = PBXFileReference; fileEncoding = 4; lastKnownFileType = sourcecode.c.h; path = HostConfig.h; sourceTree = "<group>"; };
		5C98481C211AD6DE006FC45F /* HostManager.h */ = {isa = PBXFileReference; fileEncoding = 4; lastKnownFileType = sourcecode.c.h; path = HostManager.h; sourceTree = "<group>"; };
		5C98481D211AD6DF006FC45F /* HostManager.m */ = {isa = PBXFileReference; fileEncoding = 4; lastKnownFileType = sourcecode.c.objc; path = HostManager.m; sourceTree = "<group>"; };
/* End PBXFileReference section */

/* Begin PBXFrameworksBuildPhase section */
		5C9847FF211AD65F006FC45F /* Frameworks */ = {
			isa = PBXFrameworksBuildPhase;
			buildActionMask = 2147483647;
			files = (
			);
			runOnlyForDeploymentPostprocessing = 0;
		};
/* End PBXFrameworksBuildPhase section */

/* Begin PBXGroup section */
		5C9847F9211AD65F006FC45F = {
			isa = PBXGroup;
			children = (
				5C984804211AD65F006FC45F /* RCHostManager */,
				5C984803211AD65F006FC45F /* Products */,
			);
			sourceTree = "<group>";
		};
		5C984803211AD65F006FC45F /* Products */ = {
			isa = PBXGroup;
			children = (
				5C984802211AD65F006FC45F /* RCHostManager.app */,
			);
			name = Products;
			sourceTree = "<group>";
		};
		5C984804211AD65F006FC45F /* RCHostManager */ = {
			isa = PBXGroup;
			children = (
				5C98481B211AD6DE006FC45F /* HostConfig.h */,
				5C98481C211AD6DE006FC45F /* HostManager.h */,
				5C98481D211AD6DF006FC45F /* HostManager.m */,
				5C984805211AD65F006FC45F /* AppDelegate.h */,
				5C984806211AD65F006FC45F /* AppDelegate.m */,
				5C984808211AD65F006FC45F /* ViewController.h */,
				5C984809211AD65F006FC45F /* ViewController.m */,
				5C98480B211AD65F006FC45F /* Main.storyboard */,
				5C98480E211AD660006FC45F /* Assets.xcassets */,
				5C984810211AD660006FC45F /* LaunchScreen.storyboard */,
				5C984813211AD660006FC45F /* Info.plist */,
				5C984814211AD660006FC45F /* main.m */,
			);
			path = RCHostManager;
			sourceTree = "<group>";
		};
/* End PBXGroup section */

/* Begin PBXNativeTarget section */
		5C984801211AD65F006FC45F /* RCHostManager */ = {
			isa = PBXNativeTarget;
			buildConfigurationList = 5C984818211AD660006FC45F /* Build configuration list for PBXNativeTarget "RCHostManager" */;
			buildPhases = (
				5C9847FE211AD65F006FC45F /* Sources */,
				5C9847FF211AD65F006FC45F /* Frameworks */,
				5C984800211AD65F006FC45F /* Resources */,
			);
			buildRules = (
			);
			dependencies = (
			);
			name = RCHostManager;
			productName = RCHostManager;
			productReference = 5C984802211AD65F006FC45F /* RCHostManager.app */;
			productType = "com.apple.product-type.application";
		};
/* End PBXNativeTarget section */

/* Begin PBXProject section */
		5C9847FA211AD65F006FC45F /* Project object */ = {
			isa = PBXProject;
			attributes = {
				LastUpgradeCheck = 0940;
				ORGANIZATIONNAME = dow;
				TargetAttributes = {
					5C984801211AD65F006FC45F = {
						CreatedOnToolsVersion = 9.4.1;
					};
				};
			};
			buildConfigurationList = 5C9847FD211AD65F006FC45F /* Build configuration list for PBXProject "RCHostManager" */;
			compatibilityVersion = "Xcode 9.3";
			developmentRegion = en;
			hasScannedForEncodings = 0;
			knownRegions = (
				en,
				Base,
			);
			mainGroup = 5C9847F9211AD65F006FC45F;
			productRefGroup = 5C984803211AD65F006FC45F /* Products */;
			projectDirPath = "";
			projectRoot = "";
			targets = (
				5C984801211AD65F006FC45F /* RCHostManager */,
			);
		};
/* End PBXProject section */

/* Begin PBXResourcesBuildPhase section */
		5C984800211AD65F006FC45F /* Resources */ = {
			isa = PBXResourcesBuildPhase;
			buildActionMask = 2147483647;
			files = (
				5C984812211AD660006FC45F /* LaunchScreen.storyboard in Resources */,
				5C98480F211AD660006FC45F /* Assets.xcassets in Resources */,
				5C98480D211AD65F006FC45F /* Main.storyboard in Resources */,
			);
			runOnlyForDeploymentPostprocessing = 0;
		};
/* End PBXResourcesBuildPhase section */

/* Begin PBXSourcesBuildPhase section */
		5C9847FE211AD65F006FC45F /* Sources */ = {
			isa = PBXSourcesBuildPhase;
			buildActionMask = 2147483647;
			files = (
				5C98480A211AD65F006FC45F /* ViewController.m in Sources */,
				5C98481E211AD6DF006FC45F /* HostManager.m in Sources */,
				5C984815211AD660006FC45F /* main.m in Sources */,
				5C984807211AD65F006FC45F /* AppDelegate.m in Sources */,
			);
			runOnlyForDeploymentPostprocessing = 0;
		};
/* End PBXSourcesBuildPhase section */

/* Begin PBXVariantGroup section */
		5C98480B211AD65F006FC45F /* Main.storyboard */ = {
			isa = PBXVariantGroup;
			children = (
				5C98480C211AD65F006FC45F /* Base */,
			);
			name = Main.storyboard;
			sourceTree = "<group>";
		};
		5C984810211AD660006FC45F /* LaunchScreen.storyboard */ = {
			isa = PBXVariantGroup;
			children = (
				5C984811211AD660006FC45F /* Base */,
			);
			name = LaunchScreen.storyboard;
			sourceTree = "<group>";
		};
/* End PBXVariantGroup section */

/* Begin XCBuildConfiguration section */
		5C984816211AD660006FC45F /* Debug */ = {
			isa = XCBuildConfiguration;
			buildSettings = {
				ALWAYS_SEARCH_USER_PATHS = NO;
				CLANG_ANALYZER_NONNULL = YES;
				CLANG_ANALYZER_NUMBER_OBJECT_CONVERSION = YES_AGGRESSIVE;
				CLANG_CXX_LANGUAGE_STANDARD = "gnu++14";
				CLANG_CXX_LIBRARY = "libc++";
				CLANG_ENABLE_MODULES = YES;
				CLANG_ENABLE_OBJC_ARC = YES;
				CLANG_ENABLE_OBJC_WEAK = YES;
				CLANG_WARN_BLOCK_CAPTURE_AUTORELEASING = YES;
				CLANG_WARN_BOOL_CONVERSION = YES;
				CLANG_WARN_COMMA = YES;
				CLANG_WARN_CONSTANT_CONVERSION = YES;
				CLANG_WARN_DEPRECATED_OBJC_IMPLEMENTATIONS = YES;
				CLANG_WARN_DIRECT_OBJC_ISA_USAGE = YES_ERROR;
				CLANG_WARN_DOCUMENTATION_COMMENTS = YES;
				CLANG_WARN_EMPTY_BODY = YES;
				CLANG_WARN_ENUM_CONVERSION = YES;
				CLANG_WARN_INFINITE_RECURSION = YES;
				CLANG_WARN_INT_CONVERSION = YES;
				CLANG_WARN_NON_LITERAL_NULL_CONVERSION = YES;
				CLANG_WARN_OBJC_IMPLICIT_RETAIN_SELF = YES;
				CLANG_WARN_OBJC_LITERAL_CONVERSION = YES;
				CLANG_WARN_OBJC_ROOT_CLASS = YES_ERROR;
				CLANG_WARN_RANGE_LOOP_ANALYSIS = YES;
				CLANG_WARN_STRICT_PROTOTYPES = YES;
				CLANG_WARN_SUSPICIOUS_MOVE = YES;
				CLANG_WARN_UNGUARDED_AVAILABILITY = YES_AGGRESSIVE;
				CLANG_WARN_UNREACHABLE_CODE = YES;
				CLANG_WARN__DUPLICATE_METHOD_MATCH = YES;
				CODE_SIGN_IDENTITY = "iPhone Developer";
				COPY_PHASE_STRIP = NO;
				DEBUG_INFORMATION_FORMAT = dwarf;
				ENABLE_STRICT_OBJC_MSGSEND = YES;
				ENABLE_TESTABILITY = YES;
				GCC_C_LANGUAGE_STANDARD = gnu11;
				GCC_DYNAMIC_NO_PIC = NO;
				GCC_NO_COMMON_BLOCKS = YES;
				GCC_OPTIMIZATION_LEVEL = 0;
				GCC_PREPROCESSOR_DEFINITIONS = (
					"DEBUG=1",
					"$(inherited)",
				);
				GCC_WARN_64_TO_32_BIT_CONVERSION = YES;
				GCC_WARN_ABOUT_RETURN_TYPE = YES_ERROR;
				GCC_WARN_UNDECLARED_SELECTOR = YES;
				GCC_WARN_UNINITIALIZED_AUTOS = YES_AGGRESSIVE;
				GCC_WARN_UNUSED_FUNCTION = YES;
				GCC_WARN_UNUSED_VARIABLE = YES;
				IPHONEOS_DEPLOYMENT_TARGET = 11.4;
				MTL_ENABLE_DEBUG_INFO = YES;
				ONLY_ACTIVE_ARCH = YES;
				SDKROOT = iphoneos;
			};
			name = Debug;
		};
		5C984817211AD660006FC45F /* Release */ = {
			isa = XCBuildConfiguration;
			buildSettings = {
				ALWAYS_SEARCH_USER_PATHS = NO;
				CLANG_ANALYZER_NONNULL = YES;
				CLANG_ANALYZER_NUMBER_OBJECT_CONVERSION = YES_AGGRESSIVE;
				CLANG_CXX_LANGUAGE_STANDARD = "gnu++14";
				CLANG_CXX_LIBRARY = "libc++";
				CLANG_ENABLE_MODULES = YES;
				CLANG_ENABLE_OBJC_ARC = YES;
				CLANG_ENABLE_OBJC_WEAK = YES;
				CLANG_WARN_BLOCK_CAPTURE_AUTORELEASING = YES;
				CLANG_WARN_BOOL_CONVERSION = YES;
				CLANG_WARN_COMMA = YES;
				CLANG_WARN_CONSTANT_CONVERSION = YES;
				CLANG_WARN_DEPRECATED_OBJC_IMPLEMENTATIONS = YES;
				CLANG_WARN_DIRECT_OBJC_ISA_USAGE = YES_ERROR;
				CLANG_WARN_DOCUMENTATION_COMMENTS = YES;
				CLANG_WARN_EMPTY_BODY = YES;
				CLANG_WARN_ENUM_CONVERSION = YES;
				CLANG_WARN_INFINITE_RECURSION = YES;
				CLANG_WARN_INT_CONVERSION = YES;
				CLANG_WARN_NON_LITERAL_NULL_CONVERSION = YES;
				CLANG_WARN_OBJC_IMPLICIT_RETAIN_SELF = YES;
				CLANG_WARN_OBJC_LITERAL_CONVERSION = YES;
				CLANG_WARN_OBJC_ROOT_CLASS = YES_ERROR;
				CLANG_WARN_RANGE_LOOP_ANALYSIS = YES;
				CLANG_WARN_STRICT_PROTOTYPES = YES;
				CLANG_WARN_SUSPICIOUS_MOVE = YES;
				CLANG_WARN_UNGUARDED_AVAILABILITY = YES_AGGRESSIVE;
				CLANG_WARN_UNREACHABLE_CODE = YES;
				CLANG_WARN__DUPLICATE_METHOD_MATCH = YES;
				CODE_SIGN_IDENTITY = "iPhone Developer";
				COPY_PHASE_STRIP = NO;
				DEBUG_INFORMATION_FORMAT = "dwarf-with-dsym";
				ENABLE_NS_ASSERTIONS = NO;
				ENABLE_STRICT_OBJC_MSGSEND = YES;
				GCC_C_LANGUAGE_STANDARD = gnu11;
				GCC_NO_COMMON_BLOCKS = YES;
				GCC_WARN_64_TO_32_BIT_CONVERSION = YES;
				GCC_WARN_ABOUT_RETURN_TYPE = YES_ERROR;
				GCC_WARN_UNDECLARED_SELECTOR = YES;
				GCC_WARN_UNINITIALIZED_AUTOS = YES_AGGRESSIVE;
				GCC_WARN_UNUSED_FUNCTION = YES;
				GCC_WARN_UNUSED_VARIABLE = YES;
				IPHONEOS_DEPLOYMENT_TARGET = 11.4;
				MTL_ENABLE_DEBUG_INFO = NO;
				SDKROOT = iphoneos;
				VALIDATE_PRODUCT = YES;
			};
			name = Release;
		};
		5C984819211AD660006FC45F /* Debug */ = {
			isa = XCBuildConfiguration;
			buildSettings = {
				ASSETCATALOG_COMPILER_APPICON_NAME = AppIcon;
				CODE_SIGN_STYLE = Automatic;
				DEVELOPMENT_TEAM = 52Q9S5244E;
				INFOPLIST_FILE = RCHostManager/Info.plist;
				LD_RUNPATH_SEARCH_PATHS = (
					"$(inherited)",
					"@executable_path/Frameworks",
				);
				PRODUCT_BUNDLE_IDENTIFIER = com.dow.RCHostManager;
				PRODUCT_NAME = "$(TARGET_NAME)";
				TARGETED_DEVICE_FAMILY = "1,2";
			};
			name = Debug;
		};
		5C98481A211AD660006FC45F /* Release */ = {
			isa = XCBuildConfiguration;
			buildSettings = {
				ASSETCATALOG_COMPILER_APPICON_NAME = AppIcon;
				CODE_SIGN_STYLE = Automatic;
				DEVELOPMENT_TEAM = 52Q9S5244E;
				INFOPLIST_FILE = RCHostManager/Info.plist;
				LD_RUNPATH_SEARCH_PATHS = (
					"$(inherited)",
					"@executable_path/Frameworks",
				);
				PRODUCT_BUNDLE_IDENTIFIER = com.dow.RCHostManager;
				PRODUCT_NAME = "$(TARGET_NAME)";
				TARGETED_DEVICE_FAMILY = "1,2";
			};
			name = Release;
		};
/* End XCBuildConfiguration section */

/* Begin XCConfigurationList section */
		5C9847FD211AD65F006FC45F /* Build configuration list for PBXProject "RCHostManager" */ = {
			isa = XCConfigurationList;
			buildConfigurations = (
				5C984816211AD660006FC45F /* Debug */,
				5C984817211AD660006FC45F /* Release */,
			);
			defaultConfigurationIsVisible = 0;
			defaultConfigurationName = Release;
		};
		5C984818211AD660006FC45F /* Build configuration list for PBXNativeTarget "RCHostManager" */ = {
			isa = XCConfigurationList;
			buildConfigurations = (
				5C984819211AD660006FC45F /* Debug */,
				5C98481A211AD660006FC45F /* Release */,
			);
			defaultConfigurationIsVisible = 0;
			defaultConfigurationName = Release;
		};
/* End XCConfigurationList section */
	};
	rootObject = 5C9847FA211AD65F006FC45F /* Project object */;
}
